
Microsoft Visual Studio Solution File, Format Version 12.00
# Visual Studio 15
VisualStudioVersion = 15.0.26124.0
MinimumVisualStudioVersion = 15.0.26124.0
Project("{FAE04EC0-301F-11D3-BF4B-00C04F79EFBC}") = "Assignment06.Api", "Assignment06.Api\Assignment06.Api.csproj", "{FF602DCE-8CD7-4E20-ACAC-F058C50E8400}"
EndProject
Project("{FAE04EC0-301F-11D3-BF4B-00C04F79EFBC}") = "Assignment06.Api.Tests", "Assignment06.Api.Tests\Assignment06.Api.Tests.csproj", "{E3F82CF5-95EF-4667-A0DD-A37A3349E31B}"
EndProject
Project("{FAE04EC0-301F-11D3-BF4B-00C04F79EFBC}") = "Assignment06.Models", "Assignment06.Models\Assignment06.Models.csproj", "{C0FE4C12-5D65-4966-8ECA-68BCC7554755}"
EndProject
Project("{FAE04EC0-301F-11D3-BF4B-00C04F79EFBC}") = "Assignment06.Models.Tests", "Assignment06.Models.Tests\Assignment06.Models.Tests.csproj", "{D5E5DF3D-EB46-4803-B592-69FCB2EFB34D}"
EndProject
Project("{FAE04EC0-301F-11D3-BF4B-00C04F79EFBC}") = "Assignment06.Entities", "Assignment06.Entities\Assignment06.Entities.csproj", "{90727D01-0DB2-410C-B361-8D1D8435499A}"
EndProject
Global
	GlobalSection(SolutionConfigurationPlatforms) = preSolution
		Debug|Any CPU = Debug|Any CPU
		Debug|x64 = Debug|x64
		Debug|x86 = Debug|x86
		Release|Any CPU = Release|Any CPU
		Release|x64 = Release|x64
		Release|x86 = Release|x86
	EndGlobalSection
	GlobalSection(SolutionProperties) = preSolution
		HideSolutionNode = FALSE
	EndGlobalSection
	GlobalSection(ProjectConfigurationPlatforms) = postSolution
		{FF602DCE-8CD7-4E20-ACAC-F058C50E8400}.Debug|Any CPU.ActiveCfg = Debug|Any CPU
		{FF602DCE-8CD7-4E20-ACAC-F058C50E8400}.Debug|Any CPU.Build.0 = Debug|Any CPU
		{FF602DCE-8CD7-4E20-ACAC-F058C50E8400}.Debug|x64.ActiveCfg = Debug|Any CPU
		{FF602DCE-8CD7-4E20-ACAC-F058C50E8400}.Debug|x64.Build.0 = Debug|Any CPU
		{FF602DCE-8CD7-4E20-ACAC-F058C50E8400}.Debug|x86.ActiveCfg = Debug|Any CPU
		{FF602DCE-8CD7-4E20-ACAC-F058C50E8400}.Debug|x86.Build.0 = Debug|Any CPU
		{FF602DCE-8CD7-4E20-ACAC-F058C50E8400}.Release|Any CPU.ActiveCfg = Release|Any CPU
		{FF602DCE-8CD7-4E20-ACAC-F058C50E8400}.Release|Any CPU.Build.0 = Release|Any CPU
		{FF602DCE-8CD7-4E20-ACAC-F058C50E8400}.Release|x64.ActiveCfg = Release|Any CPU
		{FF602DCE-8CD7-4E20-ACAC-F058C50E8400}.Release|x64.Build.0 = Release|Any CPU
		{FF602DCE-8CD7-4E20-ACAC-F058C50E8400}.Release|x86.ActiveCfg = Release|Any CPU
		{FF602DCE-8CD7-4E20-ACAC-F058C50E8400}.Release|x86.Build.0 = Release|Any CPU
		{E3F82CF5-95EF-4667-A0DD-A37A3349E31B}.Debug|Any CPU.ActiveCfg = Debug|Any CPU
		{E3F82CF5-95EF-4667-A0DD-A37A3349E31B}.Debug|Any CPU.Build.0 = Debug|Any CPU
		{E3F82CF5-95EF-4667-A0DD-A37A3349E31B}.Debug|x64.ActiveCfg = Debug|Any CPU
		{E3F82CF5-95EF-4667-A0DD-A37A3349E31B}.Debug|x64.Build.0 = Debug|Any CPU
		{E3F82CF5-95EF-4667-A0DD-A37A3349E31B}.Debug|x86.ActiveCfg = Debug|Any CPU
		{E3F82CF5-95EF-4667-A0DD-A37A3349E31B}.Debug|x86.Build.0 = Debug|Any CPU
		{E3F82CF5-95EF-4667-A0DD-A37A3349E31B}.Release|Any CPU.ActiveCfg = Release|Any CPU
		{E3F82CF5-95EF-4667-A0DD-A37A3349E31B}.Release|Any CPU.Build.0 = Release|Any CPU
		{E3F82CF5-95EF-4667-A0DD-A37A3349E31B}.Release|x64.ActiveCfg = Release|Any CPU
		{E3F82CF5-95EF-4667-A0DD-A37A3349E31B}.Release|x64.Build.0 = Release|Any CPU
		{E3F82CF5-95EF-4667-A0DD-A37A3349E31B}.Release|x86.ActiveCfg = Release|Any CPU
		{E3F82CF5-95EF-4667-A0DD-A37A3349E31B}.Release|x86.Build.0 = Release|Any CPU
		{C0FE4C12-5D65-4966-8ECA-68BCC7554755}.Debug|Any CPU.ActiveCfg = Debug|Any CPU
		{C0FE4C12-5D65-4966-8ECA-68BCC7554755}.Debug|Any CPU.Build.0 = Debug|Any CPU
		{C0FE4C12-5D65-4966-8ECA-68BCC7554755}.Debug|x64.ActiveCfg = Debug|Any CPU
		{C0FE4C12-5D65-4966-8ECA-68BCC7554755}.Debug|x64.Build.0 = Debug|Any CPU
		{C0FE4C12-5D65-4966-8ECA-68BCC7554755}.Debug|x86.ActiveCfg = Debug|Any CPU
		{C0FE4C12-5D65-4966-8ECA-68BCC7554755}.Debug|x86.Build.0 = Debug|Any CPU
		{C0FE4C12-5D65-4966-8ECA-68BCC7554755}.Release|Any CPU.ActiveCfg = Release|Any CPU
		{C0FE4C12-5D65-4966-8ECA-68BCC7554755}.Release|Any CPU.Build.0 = Release|Any CPU
		{C0FE4C12-5D65-4966-8ECA-68BCC7554755}.Release|x64.ActiveCfg = Release|Any CPU
		{C0FE4C12-5D65-4966-8ECA-68BCC7554755}.Release|x64.Build.0 = Release|Any CPU
		{C0FE4C12-5D65-4966-8ECA-68BCC7554755}.Release|x86.ActiveCfg = Release|Any CPU
		{C0FE4C12-5D65-4966-8ECA-68BCC7554755}.Release|x86.Build.0 = Release|Any CPU
		{D5E5DF3D-EB46-4803-B592-69FCB2EFB34D}.Debug|Any CPU.ActiveCfg = Debug|Any CPU
		{D5E5DF3D-EB46-4803-B592-69FCB2EFB34D}.Debug|Any CPU.Build.0 = Debug|Any CPU
		{D5E5DF3D-EB46-4803-B592-69FCB2EFB34D}.Debug|x64.ActiveCfg = Debug|Any CPU
		{D5E5DF3D-EB46-4803-B592-69FCB2EFB34D}.Debug|x64.Build.0 = Debug|Any CPU
		{D5E5DF3D-EB46-4803-B592-69FCB2EFB34D}.Debug|x86.ActiveCfg = Debug|Any CPU
		{D5E5DF3D-EB46-4803-B592-69FCB2EFB34D}.Debug|x86.Build.0 = Debug|Any CPU
		{D5E5DF3D-EB46-4803-B592-69FCB2EFB34D}.Release|Any CPU.ActiveCfg = Release|Any CPU
		{D5E5DF3D-EB46-4803-B592-69FCB2EFB34D}.Release|Any CPU.Build.0 = Release|Any CPU
		{D5E5DF3D-EB46-4803-B592-69FCB2EFB34D}.Release|x64.ActiveCfg = Release|Any CPU
		{D5E5DF3D-EB46-4803-B592-69FCB2EFB34D}.Release|x64.Build.0 = Release|Any CPU
		{D5E5DF3D-EB46-4803-B592-69FCB2EFB34D}.Release|x86.ActiveCfg = Release|Any CPU
		{D5E5DF3D-EB46-4803-B592-69FCB2EFB34D}.Release|x86.Build.0 = Release|Any CPU
		{90727D01-0DB2-410C-B361-8D1D8435499A}.Debug|Any CPU.ActiveCfg = Debug|Any CPU
		{90727D01-0DB2-410C-B361-8D1D8435499A}.Debug|Any CPU.Build.0 = Debug|Any CPU
		{90727D01-0DB2-410C-B361-8D1D8435499A}.Debug|x64.ActiveCfg = Debug|Any CPU
		{90727D01-0DB2-410C-B361-8D1D8435499A}.Debug|x64.Build.0 = Debug|Any CPU
		{90727D01-0DB2-410C-B361-8D1D8435499A}.Debug|x86.ActiveCfg = Debug|Any CPU
		{90727D01-0DB2-410C-B361-8D1D8435499A}.Debug|x86.Build.0 = Debug|Any CPU
		{90727D01-0DB2-410C-B361-8D1D8435499A}.Release|Any CPU.ActiveCfg = Release|Any CPU
		{90727D01-0DB2-410C-B361-8D1D8435499A}.Release|Any CPU.Build.0 = Release|Any CPU
		{90727D01-0DB2-410C-B361-8D1D8435499A}.Release|x64.ActiveCfg = Release|Any CPU
		{90727D01-0DB2-410C-B361-8D1D8435499A}.Release|x64.Build.0 = Release|Any CPU
		{90727D01-0DB2-410C-B361-8D1D8435499A}.Release|x86.ActiveCfg = Release|Any CPU
		{90727D01-0DB2-410C-B361-8D1D8435499A}.Release|x86.Build.0 = Release|Any CPU
	EndGlobalSection
EndGlobal
